
Microsoft Visual Studio Solution File, Format Version 12.00
# Visual Studio Version 17
VisualStudioVersion = 17.14.36327.8 d17.14
MinimumVisualStudioVersion = 10.0.40219.1
Project("{FAE04EC0-301F-11D3-BF4B-00C04F79EFBC}") = "Finace Management System", "Finace Management System.csproj", "{498A4B8A-AC75-4E28-B8DB-E5F1C72DBF72}"
EndProject
Global
	GlobalSection(SolutionConfigurationPlatforms) = preSolution
		Debug|Any CPU = Debug|Any CPU
		Release|Any CPU = Release|Any CPU
	EndGlobalSection
	GlobalSection(ProjectConfigurationPlatforms) = postSolution
		{498A4B8A-AC75-4E28-B8DB-E5F1C72DBF72}.Debug|Any CPU.ActiveCfg = Debug|Any CPU
		{498A4B8A-AC75-4E28-B8DB-E5F1C72DBF72}.Debug|Any CPU.Build.0 = Debug|Any CPU
		{498A4B8A-AC75-4E28-B8DB-E5F1C72DBF72}.Release|Any CPU.ActiveCfg = Release|Any CPU
		{498A4B8A-AC75-4E28-B8DB-E5F1C72DBF72}.Release|Any CPU.Build.0 = Release|Any CPU
	EndGlobalSection
	GlobalSection(SolutionProperties) = preSolution
		HideSolutionNode = FALSE
	EndGlobalSection
	GlobalSection(ExtensibilityGlobals) = postSolution
		SolutionGuid = {4632CAAD-32D8-4215-889C-BDD7363D7C9B}
	EndGlobalSection
EndGlobal
